dependencies:
  espressif/esp_codec_dev:
    component_hash: 3a1df01ee46d64c55155341bb6f4834db33db7dbd9b637e476e1eab64d01295a
    dependencies:
    - name: idf
      require: private
      version: '>=4.0'
    source:
      registry_url: https://components.espressif.com/
      type: service
    version: 1.4.0
  idf:
    source:
      type: idf
    version: 5.5.1
direct_dependencies:
- espressif/esp_codec_dev
- idf
manifest_hash: 3744bfb841041f891039ace1cb7f7f24fe0e9a1840cb72b88c8f1eda48f7fd8e
target: esp32s3
version: 2.0.0
